
Microsoft Visual Studio Solution File, Format Version 12.00
# Visual Studio 15
VisualStudioVersion = 15.0.28307.1300
MinimumVisualStudioVersion = 10.0.40219.1
Project("{FAE04EC0-301F-11D3-BF4B-00C04F79EFBC}") = "PRFND_Project", "PRFND_Project\PRFND_Project.csproj", "{46F92484-C8F9-4A18-B229-EBD9023BF0D7}"
EndProject
Global
	GlobalSection(SolutionConfigurationPlatforms) = preSolution
		Debug|Any CPU = Debug|Any CPU
		Release|Any CPU = Release|Any CPU
	EndGlobalSection
	GlobalSection(ProjectConfigurationPlatforms) = postSolution
		{46F92484-C8F9-4A18-B229-EBD9023BF0D7}.Debug|Any CPU.ActiveCfg = Debug|Any CPU
		{46F92484-C8F9-4A18-B229-EBD9023BF0D7}.Debug|Any CPU.Build.0 = Debug|Any CPU
		{46F92484-C8F9-4A18-B229-EBD9023BF0D7}.Release|Any CPU.ActiveCfg = Release|Any CPU
		{46F92484-C8F9-4A18-B229-EBD9023BF0D7}.Release|Any CPU.Build.0 = Release|Any CPU
	EndGlobalSection
	GlobalSection(SolutionProperties) = preSolution
		HideSolutionNode = FALSE
	EndGlobalSection
	GlobalSection(ExtensibilityGlobals) = postSolution
		SolutionGuid = {C73AF1EB-1208-423F-A878-D3DF7217FBBE}
	EndGlobalSection
EndGlobal
